
Microsoft Visual Studio Solution File, Format Version 12.00
# Visual Studio Version 16
VisualStudioVersion = 16.0.30804.86
MinimumVisualStudioVersion = 10.0.40219.1
Project("{FAE04EC0-301F-11D3-BF4B-00C04F79EFBC}") = "ExtendedPresetManagement", "UserPresetNames\ExtendedPresetManagement.csproj", "{BD346FED-B008-46CB-9476-C28C98E3C080}"
EndProject
Global
	GlobalSection(SolutionConfigurationPlatforms) = preSolution
		Debug|Any CPU = Debug|Any CPU
		Release|Any CPU = Release|Any CPU
	EndGlobalSection
	GlobalSection(ProjectConfigurationPlatforms) = postSolution
		{BD346FED-B008-46CB-9476-C28C98E3C080}.Debug|Any CPU.ActiveCfg = Debug|Any CPU
		{BD346FED-B008-46CB-9476-C28C98E3C080}.Debug|Any CPU.Build.0 = Debug|Any CPU
		{BD346FED-B008-46CB-9476-C28C98E3C080}.Release|Any CPU.ActiveCfg = Release|Any CPU
		{BD346FED-B008-46CB-9476-C28C98E3C080}.Release|Any CPU.Build.0 = Release|Any CPU
	EndGlobalSection
	GlobalSection(SolutionProperties) = preSolution
		HideSolutionNode = FALSE
	EndGlobalSection
	GlobalSection(ExtensibilityGlobals) = postSolution
		SolutionGuid = {B8512E0E-0234-4BE7-AAF8-1A933E30DFC1}
	EndGlobalSection
EndGlobal
